
Microsoft Visual Studio Solution File, Format Version 12.00
# Visual Studio Version 17
VisualStudioVersion = 17.0.31919.166
MinimumVisualStudioVersion = 10.0.40219.1
Project("{FAE04EC0-301F-11D3-BF4B-00C04F79EFBC}") = "PasswordValidate", "ConsoleApp1\PasswordValidate.csproj", "{53C5537F-C6C6-4E3C-A26A-9E9954FC453E}"
EndProject
Global
	GlobalSection(SolutionConfigurationPlatforms) = preSolution
		Debug|Any CPU = Debug|Any CPU
		Release|Any CPU = Release|Any CPU
	EndGlobalSection
	GlobalSection(ProjectConfigurationPlatforms) = postSolution
		{53C5537F-C6C6-4E3C-A26A-9E9954FC453E}.Debug|Any CPU.ActiveCfg = Debug|Any CPU
		{53C5537F-C6C6-4E3C-A26A-9E9954FC453E}.Debug|Any CPU.Build.0 = Debug|Any CPU
		{53C5537F-C6C6-4E3C-A26A-9E9954FC453E}.Release|Any CPU.ActiveCfg = Release|Any CPU
		{53C5537F-C6C6-4E3C-A26A-9E9954FC453E}.Release|Any CPU.Build.0 = Release|Any CPU
	EndGlobalSection
	GlobalSection(SolutionProperties) = preSolution
		HideSolutionNode = FALSE
	EndGlobalSection
	GlobalSection(ExtensibilityGlobals) = postSolution
		SolutionGuid = {F76DFFE5-E2B5-48EF-9594-020AB1213824}
	EndGlobalSection
EndGlobal
